// !$*UTF8*$!
{
	archiveVersion = 1;
	classes = {
	};
	objectVersion = 77;
	objects = {

/* Begin PBXContainerItemProxy section */
		029CC13B2DE94F0200BD7639 /* PBXContainerItemProxy */ = {
			isa = PBXContainerItemProxy;
			containerPortal = 029CC1202DE94F0000BD7639 /* Project object */;
			proxyType = 1;
			remoteGlobalIDString = 029CC1272DE94F0000BD7639;
			remoteInfo = "Track&Train";
		};
		029CC1452DE94F0200BD7639 /* PBXContainerItemProxy */ = {
			isa = PBXContainerItemProxy;
			containerPortal = 029CC1202DE94F0000BD7639 /* Project object */;
			proxyType = 1;
			remoteGlobalIDString = 029CC1272DE94F0000BD7639;
			remoteInfo = "Track&Train";
		};
/* End PBXContainerItemProxy section */

/* Begin PBXFileReference section */
		029CC1282DE94F0000BD7639 /* Track&Train.app */ = {isa = PBXFileReference; explicitFileType = wrapper.application; includeInIndex = 0; path = "Track&Train.app"; sourceTree = BUILT_PRODUCTS_DIR; };
		029CC13A2DE94F0200BD7639 /* Track&TrainTests.xctest */ = {isa = PBXFileReference; explicitFileType = wrapper.cfbundle; includeInIndex = 0; path = "Track&TrainTests.xctest"; sourceTree = BUILT_PRODUCTS_DIR; };
		029CC1442DE94F0200BD7639 /* Track&TrainUITests.xctest */ = {isa = PBXFileReference; explicitFileType = wrapper.cfbundle; includeInIndex = 0; path = "Track&TrainUITests.xctest"; sourceTree = BUILT_PRODUCTS_DIR; };
/* End PBXFileReference section */

/* Begin PBXFileSystemSynchronizedRootGroup section */
		029CC12A2DE94F0000BD7639 /* Track&Train */ = {
			isa = PBXFileSystemSynchronizedRootGroup;
			path = "Track&Train";
			sourceTree = "<group>";
		};
		029CC13D2DE94F0200BD7639 /* Track&TrainTests */ = {
			isa = PBXFileSystemSynchronizedRootGroup;
			path = "Track&TrainTests";
			sourceTree = "<group>";
		};
		029CC1472DE94F0200BD7639 /* Track&TrainUITests */ = {
			isa = PBXFileSystemSynchronizedRootGroup;
			path = "Track&TrainUITests";
			sourceTree = "<group>";
		};
/* End PBXFileSystemSynchronizedRootGroup section */

/* Begin PBXFrameworksBuildPhase section */
		029CC1252DE94F0000BD7639 /* Frameworks */ = {
			isa = PBXFrameworksBuildPhase;
			buildActionMask = 2147483647;
			files = (
			);
			runOnlyForDeploymentPostprocessing = 0;
		};
		029CC1372DE94F0200BD7639 /* Frameworks */ = {
			isa = PBXFrameworksBuildPhase;
			buildActionMask = 2147483647;
			files = (
			);
			runOnlyForDeploymentPostprocessing = 0;
		};
		029CC1412DE94F0200BD7639 /* Frameworks */ = {
			isa = PBXFrameworksBuildPhase;
			buildActionMask = 2147483647;
			files = (
			);
			runOnlyForDeploymentPostprocessing = 0;
		};
/* End PBXFrameworksBuildPhase section */

/* Begin PBXGroup section */
		029CC11F2DE94F0000BD7639 = {
			isa = PBXGroup;
			children = (
				029CC12A2DE94F0000BD7639 /* Track&Train */,
				029CC13D2DE94F0200BD7639 /* Track&TrainTests */,
				029CC1472DE94F0200BD7639 /* Track&TrainUITests */,
				029CC1292DE94F0000BD7639 /* Products */,
			);
			sourceTree = "<group>";
		};
		029CC1292DE94F0000BD7639 /* Products */ = {
			isa = PBXGroup;
			children = (
				029CC1282DE94F0000BD7639 /* Track&Train.app */,
				029CC13A2DE94F0200BD7639 /* Track&TrainTests.xctest */,
				029CC1442DE94F0200BD7639 /* Track&TrainUITests.xctest */,
			);
			name = Products;
			sourceTree = "<group>";
		};
/* End PBXGroup section */

/* Begin PBXNativeTarget section */
		029CC1272DE94F0000BD7639 /* Track&Train */ = {
			isa = PBXNativeTarget;
			buildConfigurationList = 029CC14E2DE94F0200BD7639 /* Build configuration list for PBXNativeTarget "Track&Train" */;
			buildPhases = (
				029CC1242DE94F0000BD7639 /* Sources */,
				029CC1252DE94F0000BD7639 /* Frameworks */,
				029CC1262DE94F0000BD7639 /* Resources */,
			);
			buildRules = (
			);
			dependencies = (
			);
			fileSystemSynchronizedGroups = (
				029CC12A2DE94F0000BD7639 /* Track&Train */,
			);
			name = "Track&Train";
			packageProductDependencies = (
			);
			productName = "Track&Train";
			productReference = 029CC1282DE94F0000BD7639 /* Track&Train.app */;
			productType = "com.apple.product-type.application";
		};
		029CC1392DE94F0200BD7639 /* Track&TrainTests */ = {
			isa = PBXNativeTarget;
			buildConfigurationList = 029CC1512DE94F0200BD7639 /* Build configuration list for PBXNativeTarget "Track&TrainTests" */;
			buildPhases = (
				029CC1362DE94F0200BD7639 /* Sources */,
				029CC1372DE94F0200BD7639 /* Frameworks */,
				029CC1382DE94F0200BD7639 /* Resources */,
			);
			buildRules = (
			);
			dependencies = (
				029CC13C2DE94F0200BD7639 /* PBXTargetDependency */,
			);
			fileSystemSynchronizedGroups = (
				029CC13D2DE94F0200BD7639 /* Track&TrainTests */,
			);
			name = "Track&TrainTests";
			packageProductDependencies = (
			);
			productName = "Track&TrainTests";
			productReference = 029CC13A2DE94F0200BD7639 /* Track&TrainTests.xctest */;
			productType = "com.apple.product-type.bundle.unit-test";
		};
		029CC1432DE94F0200BD7639 /* Track&TrainUITests */ = {
			isa = PBXNativeTarget;
			buildConfigurationList = 029CC1542DE94F0200BD7639 /* Build configuration list for PBXNativeTarget "Track&TrainUITests" */;
			buildPhases = (
				029CC1402DE94F0200BD7639 /* Sources */,
				029CC1412DE94F0200BD7639 /* Frameworks */,
				029CC1422DE94F0200BD7639 /* Resources */,
			);
			buildRules = (
			);
			dependencies = (
				029CC1462DE94F0200BD7639 /* PBXTargetDependency */,
			);
			fileSystemSynchronizedGroups = (
				029CC1472DE94F0200BD7639 /* Track&TrainUITests */,
			);
			name = "Track&TrainUITests";
			packageProductDependencies = (
			);
			productName = "Track&TrainUITests";
			productReference = 029CC1442DE94F0200BD7639 /* Track&TrainUITests.xctest */;
			productType = "com.apple.product-type.bundle.ui-testing";
		};
/* End PBXNativeTarget section */

/* Begin PBXProject section */
		029CC1202DE94F0000BD7639 /* Project object */ = {
			isa = PBXProject;
			attributes = {
				BuildIndependentTargetsInParallel = 1;
				LastSwiftUpdateCheck = 1630;
				LastUpgradeCheck = 1630;
				TargetAttributes = {
					029CC1272DE94F0000BD7639 = {
						CreatedOnToolsVersion = 16.3;
					};
					029CC1392DE94F0200BD7639 = {
						CreatedOnToolsVersion = 16.3;
						TestTargetID = 029CC1272DE94F0000BD7639;
					};
					029CC1432DE94F0200BD7639 = {
						CreatedOnToolsVersion = 16.3;
						TestTargetID = 029CC1272DE94F0000BD7639;
					};
				};
			};
			buildConfigurationList = 029CC1232DE94F0000BD7639 /* Build configuration list for PBXProject "Track&Train" */;
			developmentRegion = en;
			hasScannedForEncodings = 0;
			knownRegions = (
				en,
				Base,
			);
			mainGroup = 029CC11F2DE94F0000BD7639;
			minimizedProjectReferenceProxies = 1;
			preferredProjectObjectVersion = 77;
			productRefGroup = 029CC1292DE94F0000BD7639 /* Products */;
			projectDirPath = "";
			projectRoot = "";
			targets = (
				029CC1272DE94F0000BD7639 /* Track&Train */,
				029CC1392DE94F0200BD7639 /* Track&TrainTests */,
				029CC1432DE94F0200BD7639 /* Track&TrainUITests */,
			);
		};
/* End PBXProject section */

/* Begin PBXResourcesBuildPhase section */
		029CC1262DE94F0000BD7639 /* Resources */ = {
			isa = PBXResourcesBuildPhase;
			buildActionMask = 2147483647;
			files = (
			);
			runOnlyForDeploymentPostprocessing = 0;
		};
		029CC1382DE94F0200BD7639 /* Resources */ = {
			isa = PBXResourcesBuildPhase;
			buildActionMask = 2147483647;
			files = (
			);
			runOnlyForDeploymentPostprocessing = 0;
		};
		029CC1422DE94F0200BD7639 /* Resources */ = {
			isa = PBXResourcesBuildPhase;
			buildActionMask = 2147483647;
			files = (
			);
			runOnlyForDeploymentPostprocessing = 0;
		};
/* End PBXResourcesBuildPhase section */

/* Begin PBXSourcesBuildPhase section */
		029CC1242DE94F0000BD7639 /* Sources */ = {
			isa = PBXSourcesBuildPhase;
			buildActionMask = 2147483647;
			files = (
			);
			runOnlyForDeploymentPostprocessing = 0;
		};
		029CC1362DE94F0200BD7639 /* Sources */ = {
			isa = PBXSourcesBuildPhase;
			buildActionMask = 2147483647;
			files = (
			);
			runOnlyForDeploymentPostprocessing = 0;
		};
		029CC1402DE94F0200BD7639 /* Sources */ = {
			isa = PBXSourcesBuildPhase;
			buildActionMask = 2147483647;
			files = (
			);
			runOnlyForDeploymentPostprocessing = 0;
		};
/* End PBXSourcesBuildPhase section */

/* Begin PBXTargetDependency section */
		029CC13C2DE94F0200BD7639 /* PBXTargetDependency */ = {
			isa = PBXTargetDependency;
			target = 029CC1272DE94F0000BD7639 /* Track&Train */;
			targetProxy = 029CC13B2DE94F0200BD7639 /* PBXContainerItemProxy */;
		};
		029CC1462DE94F0200BD7639 /* PBXTargetDependency */ = {
			isa = PBXTargetDependency;
			target = 029CC1272DE94F0000BD7639 /* Track&Train */;
			targetProxy = 029CC1452DE94F0200BD7639 /* PBXContainerItemProxy */;
		};
/* End PBXTargetDependency section */

/* Begin XCBuildConfiguration section */
		029CC14C2DE94F0200BD7639 /* Debug */ = {
			isa = XCBuildConfiguration;
			buildSettings = {
				ALWAYS_SEARCH_USER_PATHS = NO;
				ASSETCATALOG_COMPILER_GENERATE_SWIFT_ASSET_SYMBOL_EXTENSIONS = YES;
				CLANG_ANALYZER_NONNULL = YES;
				CLANG_ANALYZER_NUMBER_OBJECT_CONVERSION = YES_AGGRESSIVE;
				CLANG_CXX_LANGUAGE_STANDARD = "gnu++20";
				CLANG_ENABLE_MODULES = YES;
				CLANG_ENABLE_OBJC_ARC = YES;
				CLANG_ENABLE_OBJC_WEAK = YES;
				CLANG_WARN_BLOCK_CAPTURE_AUTORELEASING = YES;
				CLANG_WARN_BOOL_CONVERSION = YES;
				CLANG_WARN_COMMA = YES;
				CLANG_WARN_CONSTANT_CONVERSION = YES;
				CLANG_WARN_DEPRECATED_OBJC_IMPLEMENTATIONS = YES;
				CLANG_WARN_DIRECT_OBJC_ISA_USAGE = YES_ERROR;
				CLANG_WARN_DOCUMENTATION_COMMENTS = YES;
				CLANG_WARN_EMPTY_BODY = YES;
				CLANG_WARN_ENUM_CONVERSION = YES;
				CLANG_WARN_INFINITE_RECURSION = YES;
				CLANG_WARN_INT_CONVERSION = YES;
				CLANG_WARN_NON_LITERAL_NULL_CONVERSION = YES;
				CLANG_WARN_OBJC_IMPLICIT_RETAIN_SELF = YES;
				CLANG_WARN_OBJC_LITERAL_CONVERSION = YES;
				CLANG_WARN_OBJC_ROOT_CLASS = YES_ERROR;
				CLANG_WARN_QUOTED_INCLUDE_IN_FRAMEWORK_HEADER = YES;
				CLANG_WARN_RANGE_LOOP_ANALYSIS = YES;
				CLANG_WARN_STRICT_PROTOTYPES = YES;
				CLANG_WARN_SUSPICIOUS_MOVE = YES;
				CLANG_WARN_UNGUARDED_AVAILABILITY = YES_AGGRESSIVE;
				CLANG_WARN_UNREACHABLE_CODE = YES;
				CLANG_WARN__DUPLICATE_METHOD_MATCH = YES;
				COPY_PHASE_STRIP = NO;
				DEBUG_INFORMATION_FORMAT = dwarf;
				ENABLE_STRICT_OBJC_MSGSEND = YES;
				ENABLE_TESTABILITY = YES;
				ENABLE_USER_SCRIPT_SANDBOXING = YES;
				GCC_C_LANGUAGE_STANDARD = gnu17;
				GCC_DYNAMIC_NO_PIC = NO;
				GCC_NO_COMMON_BLOCKS = YES;
				GCC_OPTIMIZATION_LEVEL = 0;
				GCC_PREPROCESSOR_DEFINITIONS = (
					"DEBUG=1",
					"$(inherited)",
				);
				GCC_WARN_64_TO_32_BIT_CONVERSION = YES;
				GCC_WARN_ABOUT_RETURN_TYPE = YES_ERROR;
				GCC_WARN_UNDECLARED_SELECTOR = YES;
				GCC_WARN_UNINITIALIZED_AUTOS = YES_AGGRESSIVE;
				GCC_WARN_UNUSED_FUNCTION = YES;
				GCC_WARN_UNUSED_VARIABLE = YES;
				IPHONEOS_DEPLOYMENT_TARGET = 18.4;
				LOCALIZATION_PREFERS_STRING_CATALOGS = YES;
				MTL_ENABLE_DEBUG_INFO = INCLUDE_SOURCE;
				MTL_FAST_MATH = YES;
				ONLY_ACTIVE_ARCH = YES;
				SDKROOT = iphoneos;
				SWIFT_ACTIVE_COMPILATION_CONDITIONS = "DEBUG $(inherited)";
				SWIFT_OPTIMIZATION_LEVEL = "-Onone";
			};
			name = Debug;
		};
		029CC14D2DE94F0200BD7639 /* Release */ = {
			isa = XCBuildConfiguration;
			buildSettings = {
				ALWAYS_SEARCH_USER_PATHS = NO;
				ASSETCATALOG_COMPILER_GENERATE_SWIFT_ASSET_SYMBOL_EXTENSIONS = YES;
				CLANG_ANALYZER_NONNULL = YES;
				CLANG_ANALYZER_NUMBER_OBJECT_CONVERSION = YES_AGGRESSIVE;
				CLANG_CXX_LANGUAGE_STANDARD = "gnu++20";
				CLANG_ENABLE_MODULES = YES;
				CLANG_ENABLE_OBJC_ARC = YES;
				CLANG_ENABLE_OBJC_WEAK = YES;
				CLANG_WARN_BLOCK_CAPTURE_AUTORELEASING = YES;
				CLANG_WARN_BOOL_CONVERSION = YES;
				CLANG_WARN_COMMA = YES;
				CLANG_WARN_CONSTANT_CONVERSION = YES;
				CLANG_WARN_DEPRECATED_OBJC_IMPLEMENTATIONS = YES;
				CLANG_WARN_DIRECT_OBJC_ISA_USAGE = YES_ERROR;
				CLANG_WARN_DOCUMENTATION_COMMENTS = YES;
				CLANG_WARN_EMPTY_BODY = YES;
				CLANG_WARN_ENUM_CONVERSION = YES;
				CLANG_WARN_INFINITE_RECURSION = YES;
				CLANG_WARN_INT_CONVERSION = YES;
				CLANG_WARN_NON_LITERAL_NULL_CONVERSION = YES;
				CLANG_WARN_OBJC_IMPLICIT_RETAIN_SELF = YES;
				CLANG_WARN_OBJC_LITERAL_CONVERSION = YES;
				CLANG_WARN_OBJC_ROOT_CLASS = YES_ERROR;
				CLANG_WARN_QUOTED_INCLUDE_IN_FRAMEWORK_HEADER = YES;
				CLANG_WARN_RANGE_LOOP_ANALYSIS = YES;
				CLANG_WARN_STRICT_PROTOTYPES = YES;
				CLANG_WARN_SUSPICIOUS_MOVE = YES;
				CLANG_WARN_UNGUARDED_AVAILABILITY = YES_AGGRESSIVE;
				CLANG_WARN_UNREACHABLE_CODE = YES;
				CLANG_WARN__DUPLICATE_METHOD_MATCH = YES;
				COPY_PHASE_STRIP = NO;
				DEBUG_INFORMATION_FORMAT = "dwarf-with-dsym";
				ENABLE_NS_ASSERTIONS = NO;
				ENABLE_STRICT_OBJC_MSGSEND = YES;
				ENABLE_USER_SCRIPT_SANDBOXING = YES;
				GCC_C_LANGUAGE_STANDARD = gnu17;
				GCC_NO_COMMON_BLOCKS = YES;
				GCC_WARN_64_TO_32_BIT_CONVERSION = YES;
				GCC_WARN_ABOUT_RETURN_TYPE = YES_ERROR;
				GCC_WARN_UNDECLARED_SELECTOR = YES;
				GCC_WARN_UNINITIALIZED_AUTOS = YES_AGGRESSIVE;
				GCC_WARN_UNUSED_FUNCTION = YES;
				GCC_WARN_UNUSED_VARIABLE = YES;
				IPHONEOS_DEPLOYMENT_TARGET = 18.4;
				LOCALIZATION_PREFERS_STRING_CATALOGS = YES;
				MTL_ENABLE_DEBUG_INFO = NO;
				MTL_FAST_MATH = YES;
				SDKROOT = iphoneos;
				SWIFT_COMPILATION_MODE = wholemodule;
				VALIDATE_PRODUCT = YES;
			};
			name = Release;
		};
		029CC14F2DE94F0200BD7639 /* Debug */ = {
			isa = XCBuildConfiguration;
			buildSettings = {
				ASSETCATALOG_COMPILER_APPICON_NAME = AppIcon;
				ASSETCATALOG_COMPILER_GLOBAL_ACCENT_COLOR_NAME = AccentColor;
				CODE_SIGN_STYLE = Automatic;
				CURRENT_PROJECT_VERSION = 1;
				ENABLE_PREVIEWS = YES;
				GENERATE_INFOPLIST_FILE = YES;
				INFOPLIST_KEY_UIApplicationSceneManifest_Generation = YES;
				INFOPLIST_KEY_UIApplicationSupportsIndirectInputEvents = YES;
				INFOPLIST_KEY_UILaunchScreen_Generation = YES;
				INFOPLIST_KEY_UISupportedInterfaceOrientations_iPad = "UIInterfaceOrientationPortrait UIInterfaceOrientationPortraitUpsideDown UIInterfaceOrientationLandscapeLeft UIInterfaceOrientationLandscapeRight";
				INFOPLIST_KEY_UISupportedInterfaceOrientations_iPhone = "UIInterfaceOrientationPortrait UIInterfaceOrientationLandscapeLeft UIInterfaceOrientationLandscapeRight";
				LD_RUNPATH_SEARCH_PATHS = (
					"$(inherited)",
					"@executable_path/Frameworks",
				);
				MARKETING_VERSION = 1.0;
				PRODUCT_BUNDLE_IDENTIFIER = "TrackAndTrain.Track-Train";
				PRODUCT_NAME = "$(TARGET_NAME)";
				SWIFT_EMIT_LOC_STRINGS = YES;
				SWIFT_VERSION = 5.0;
				TARGETED_DEVICE_FAMILY = "1,2";
			};
			name = Debug;
		};
		029CC1502DE94F0200BD7639 /* Release */ = {
			isa = XCBuildConfiguration;
			buildSettings = {
				ASSETCATALOG_COMPILER_APPICON_NAME = AppIcon;
				ASSETCATALOG_COMPILER_GLOBAL_ACCENT_COLOR_NAME = AccentColor;
				CODE_SIGN_STYLE = Automatic;
				CURRENT_PROJECT_VERSION = 1;
				ENABLE_PREVIEWS = YES;
				GENERATE_INFOPLIST_FILE = YES;
				INFOPLIST_KEY_UIApplicationSceneManifest_Generation = YES;
				INFOPLIST_KEY_UIApplicationSupportsIndirectInputEvents = YES;
				INFOPLIST_KEY_UILaunchScreen_Generation = YES;
				INFOPLIST_KEY_UISupportedInterfaceOrientations_iPad = "UIInterfaceOrientationPortrait UIInterfaceOrientationPortraitUpsideDown UIInterfaceOrientationLandscapeLeft UIInterfaceOrientationLandscapeRight";
				INFOPLIST_KEY_UISupportedInterfaceOrientations_iPhone = "UIInterfaceOrientationPortrait UIInterfaceOrientationLandscapeLeft UIInterfaceOrientationLandscapeRight";
				LD_RUNPATH_SEARCH_PATHS = (
					"$(inherited)",
					"@executable_path/Frameworks",
				);
				MARKETING_VERSION = 1.0;
				PRODUCT_BUNDLE_IDENTIFIER = "TrackAndTrain.Track-Train";
				PRODUCT_NAME = "$(TARGET_NAME)";
				SWIFT_EMIT_LOC_STRINGS = YES;
				SWIFT_VERSION = 5.0;
				TARGETED_DEVICE_FAMILY = "1,2";
			};
			name = Release;
		};
		029CC1522DE94F0200BD7639 /* Debug */ = {
			isa = XCBuildConfiguration;
			buildSettings = {
				BUNDLE_LOADER = "$(TEST_HOST)";
				CODE_SIGN_STYLE = Automatic;
				CURRENT_PROJECT_VERSION = 1;
				GENERATE_INFOPLIST_FILE = YES;
				IPHONEOS_DEPLOYMENT_TARGET = 18.4;
				MARKETING_VERSION = 1.0;
				PRODUCT_BUNDLE_IDENTIFIER = "TrackAndTrain.Track-TrainTests";
				PRODUCT_NAME = "$(TARGET_NAME)";
				SWIFT_EMIT_LOC_STRINGS = NO;
				SWIFT_VERSION = 5.0;
				TARGETED_DEVICE_FAMILY = "1,2";
				TEST_HOST = "$(BUILT_PRODUCTS_DIR)/Track&Train.app/$(BUNDLE_EXECUTABLE_FOLDER_PATH)/Track&Train";
			};
			name = Debug;
		};
		029CC1532DE94F0200BD7639 /* Release */ = {
			isa = XCBuildConfiguration;
			buildSettings = {
				BUNDLE_LOADER = "$(TEST_HOST)";
				CODE_SIGN_STYLE = Automatic;
				CURRENT_PROJECT_VERSION = 1;
				GENERATE_INFOPLIST_FILE = YES;
				IPHONEOS_DEPLOYMENT_TARGET = 18.4;
				MARKETING_VERSION = 1.0;
				PRODUCT_BUNDLE_IDENTIFIER = "TrackAndTrain.Track-TrainTests";
				PRODUCT_NAME = "$(TARGET_NAME)";
				SWIFT_EMIT_LOC_STRINGS = NO;
				SWIFT_VERSION = 5.0;
				TARGETED_DEVICE_FAMILY = "1,2";
				TEST_HOST = "$(BUILT_PRODUCTS_DIR)/Track&Train.app/$(BUNDLE_EXECUTABLE_FOLDER_PATH)/Track&Train";
			};
			name = Release;
		};
		029CC1552DE94F0200BD7639 /* Debug */ = {
			isa = XCBuildConfiguration;
			buildSettings = {
				CODE_SIGN_STYLE = Automatic;
				CURRENT_PROJECT_VERSION = 1;
				GENERATE_INFOPLIST_FILE = YES;
				MARKETING_VERSION = 1.0;
				PRODUCT_BUNDLE_IDENTIFIER = "TrackAndTrain.Track-TrainUITests";
				PRODUCT_NAME = "$(TARGET_NAME)";
				SWIFT_EMIT_LOC_STRINGS = NO;
				SWIFT_VERSION = 5.0;
				TARGETED_DEVICE_FAMILY = "1,2";
				TEST_TARGET_NAME = "Track&Train";
			};
			name = Debug;
		};
		029CC1562DE94F0200BD7639 /* Release */ = {
			isa = XCBuildConfiguration;
			buildSettings = {
				CODE_SIGN_STYLE = Automatic;
				CURRENT_PROJECT_VERSION = 1;
				GENERATE_INFOPLIST_FILE = YES;
				MARKETING_VERSION = 1.0;
				PRODUCT_BUNDLE_IDENTIFIER = "TrackAndTrain.Track-TrainUITests";
				PRODUCT_NAME = "$(TARGET_NAME)";
				SWIFT_EMIT_LOC_STRINGS = NO;
				SWIFT_VERSION = 5.0;
				TARGETED_DEVICE_FAMILY = "1,2";
				TEST_TARGET_NAME = "Track&Train";
			};
			name = Release;
		};
/* End XCBuildConfiguration section */

/* Begin XCConfigurationList section */
		029CC1232DE94F0000BD7639 /* Build configuration list for PBXProject "Track&Train" */ = {
			isa = XCConfigurationList;
			buildConfigurations = (
				029CC14C2DE94F0200BD7639 /* Debug */,
				029CC14D2DE94F0200BD7639 /* Release */,
			);
			defaultConfigurationIsVisible = 0;
			defaultConfigurationName = Release;
		};
		029CC14E2DE94F0200BD7639 /* Build configuration list for PBXNativeTarget "Track&Train" */ = {
			isa = XCConfigurationList;
			buildConfigurations = (
				029CC14F2DE94F0200BD7639 /* Debug */,
				029CC1502DE94F0200BD7639 /* Release */,
			);
			defaultConfigurationIsVisible = 0;
			defaultConfigurationName = Release;
		};
		029CC1512DE94F0200BD7639 /* Build configuration list for PBXNativeTarget "Track&TrainTests" */ = {
			isa = XCConfigurationList;
			buildConfigurations = (
				029CC1522DE94F0200BD7639 /* Debug */,
				029CC1532DE94F0200BD7639 /* Release */,
			);
			defaultConfigurationIsVisible = 0;
			defaultConfigurationName = Release;
		};
		029CC1542DE94F0200BD7639 /* Build configuration list for PBXNativeTarget "Track&TrainUITests" */ = {
			isa = XCConfigurationList;
			buildConfigurations = (
				029CC1552DE94F0200BD7639 /* Debug */,
				029CC1562DE94F0200BD7639 /* Release */,
			);
			defaultConfigurationIsVisible = 0;
			defaultConfigurationName = Release;
		};
/* End XCConfigurationList section */
	};
	rootObject = 029CC1202DE94F0000BD7639 /* Project object */;
}
